// !$*UTF8*$!
{
	archiveVersion = 1;
	classes = {
	};
	objectVersion = 46;
	objects = {

/* Begin PBXBuildFile section */
		5A2E1C5B1A68BBE50093C7AE /* CloudKit.framework in Frameworks */ = {isa = PBXBuildFile; fileRef = 5A2E1C5A1A68BBE50093C7AE /* CloudKit.framework */; };
		5A2E1C5D1A68BFCE0093C7AE /* ASGNewTaskViewController.swift in Sources */ = {isa = PBXBuildFile; fileRef = 5A2E1C5C1A68BFCE0093C7AE /* ASGNewTaskViewController.swift */; };
		5AD97ADB1A68B52C006AC7AC /* AppDelegate.swift in Sources */ = {isa = PBXBuildFile; fileRef = 5AD97ADA1A68B52C006AC7AC /* AppDelegate.swift */; };
		5AD97AE01A68B52C006AC7AC /* Main.storyboard in Resources */ = {isa = PBXBuildFile; fileRef = 5AD97ADE1A68B52C006AC7AC /* Main.storyboard */; };
		5AD97AE21A68B52C006AC7AC /* Images.xcassets in Resources */ = {isa = PBXBuildFile; fileRef = 5AD97AE11A68B52C006AC7AC /* Images.xcassets */; };
		5AD97AE51A68B52C006AC7AC /* LaunchScreen.xib in Resources */ = {isa = PBXBuildFile; fileRef = 5AD97AE31A68B52C006AC7AC /* LaunchScreen.xib */; };
		5AD97AF11A68B52C006AC7AC /* CloudKitToDoListTests.swift in Sources */ = {isa = PBXBuildFile; fileRef = 5AD97AF01A68B52C006AC7AC /* CloudKitToDoListTests.swift */; };
		5AD97AFB1A68B55F006AC7AC /* ASGTableViewController.swift in Sources */ = {isa = PBXBuildFile; fileRef = 5AD97AFA1A68B55F006AC7AC /* ASGTableViewController.swift */; };
/* End PBXBuildFile section */

/* Begin PBXContainerItemProxy section */
		5AD97AEB1A68B52C006AC7AC /* PBXContainerItemProxy */ = {
			isa = PBXContainerItemProxy;
			containerPortal = 5AD97ACD1A68B52C006AC7AC /* Project object */;
			proxyType = 1;
			remoteGlobalIDString = 5AD97AD41A68B52C006AC7AC;
			remoteInfo = CloudKitToDoList;
		};
/* End PBXContainerItemProxy section */

/* Begin PBXFileReference section */
		5A2E1C591A68BBD90093C7AE /* CloudKitToDoList.entitlements */ = {isa = PBXFileReference; lastKnownFileType = text.xml; path = CloudKitToDoList.entitlements; sourceTree = "<group>"; };
		5A2E1C5A1A68BBE50093C7AE /* CloudKit.framework */ = {isa = PBXFileReference; lastKnownFileType = wrapper.framework; name = CloudKit.framework; path = System/Library/Frameworks/CloudKit.framework; sourceTree = SDKROOT; };
		5A2E1C5C1A68BFCE0093C7AE /* ASGNewTaskViewController.swift */ = {isa = PBXFileReference; fileEncoding = 4; lastKnownFileType = sourcecode.swift; path = ASGNewTaskViewController.swift; sourceTree = "<group>"; };
		5AD97AD51A68B52C006AC7AC /* CloudKitToDoList.app */ = {isa = PBXFileReference; explicitFileType = wrapper.application; includeInIndex = 0; path = CloudKitToDoList.app; sourceTree = BUILT_PRODUCTS_DIR; };
		5AD97AD91A68B52C006AC7AC /* Info.plist */ = {isa = PBXFileReference; lastKnownFileType = text.plist.xml; path = Info.plist; sourceTree = "<group>"; };
		5AD97ADA1A68B52C006AC7AC /* AppDelegate.swift */ = {isa = PBXFileReference; lastKnownFileType = sourcecode.swift; path = AppDelegate.swift; sourceTree = "<group>"; };
		5AD97ADF1A68B52C006AC7AC /* Base */ = {isa = PBXFileReference; lastKnownFileType = file.storyboard; name = Base; path = Base.lproj/Main.storyboard; sourceTree = "<group>"; };
		5AD97AE11A68B52C006AC7AC /* Images.xcassets */ = {isa = PBXFileReference; lastKnownFileType = folder.assetcatalog; path = Images.xcassets; sourceTree = "<group>"; };
		5AD97AE41A68B52C006AC7AC /* Base */ = {isa = PBXFileReference; lastKnownFileType = file.xib; name = Base; path = Base.lproj/LaunchScreen.xib; sourceTree = "<group>"; };
		5AD97AEA1A68B52C006AC7AC /* CloudKitToDoListTests.xctest */ = {isa = PBXFileReference; explicitFileType = wrapper.cfbundle; includeInIndex = 0; path = CloudKitToDoListTests.xctest; sourceTree = BUILT_PRODUCTS_DIR; };
		5AD97AEF1A68B52C006AC7AC /* Info.plist */ = {isa = PBXFileReference; lastKnownFileType = text.plist.xml; path = Info.plist; sourceTree = "<group>"; };
		5AD97AF01A68B52C006AC7AC /* CloudKitToDoListTests.swift */ = {isa = PBXFileReference; lastKnownFileType = sourcecode.swift; path = CloudKitToDoListTests.swift; sourceTree = "<group>"; };
		5AD97AFA1A68B55F006AC7AC /* ASGTableViewController.swift */ = {isa = PBXFileReference; fileEncoding = 4; lastKnownFileType = sourcecode.swift; path = ASGTableViewController.swift; sourceTree = "<group>"; };
/* End PBXFileReference section */

/* Begin PBXFrameworksBuildPhase section */
		5AD97AD21A68B52C006AC7AC /* Frameworks */ = {
			isa = PBXFrameworksBuildPhase;
			buildActionMask = 2147483647;
			files = (
				5A2E1C5B1A68BBE50093C7AE /* CloudKit.framework in Frameworks */,
			);
			runOnlyForDeploymentPostprocessing = 0;
		};
		5AD97AE71A68B52C006AC7AC /* Frameworks */ = {
			isa = PBXFrameworksBuildPhase;
			buildActionMask = 2147483647;
			files = (
			);
			runOnlyForDeploymentPostprocessing = 0;
		};
/* End PBXFrameworksBuildPhase section */

/* Begin PBXGroup section */
		5AD97ACC1A68B52C006AC7AC = {
			isa = PBXGroup;
			children = (
				5A2E1C5A1A68BBE50093C7AE /* CloudKit.framework */,
				5AD97AD71A68B52C006AC7AC /* CloudKitToDoList */,
				5AD97AED1A68B52C006AC7AC /* CloudKitToDoListTests */,
				5AD97AD61A68B52C006AC7AC /* Products */,
			);
			sourceTree = "<group>";
		};
		5AD97AD61A68B52C006AC7AC /* Products */ = {
			isa = PBXGroup;
			children = (
				5AD97AD51A68B52C006AC7AC /* CloudKitToDoList.app */,
				5AD97AEA1A68B52C006AC7AC /* CloudKitToDoListTests.xctest */,
			);
			name = Products;
			sourceTree = "<group>";
		};
		5AD97AD71A68B52C006AC7AC /* CloudKitToDoList */ = {
			isa = PBXGroup;
			children = (
				5A2E1C591A68BBD90093C7AE /* CloudKitToDoList.entitlements */,
				5AD97ADA1A68B52C006AC7AC /* AppDelegate.swift */,
				5AD97ADE1A68B52C006AC7AC /* Main.storyboard */,
				5AD97AE11A68B52C006AC7AC /* Images.xcassets */,
				5AD97AE31A68B52C006AC7AC /* LaunchScreen.xib */,
				5AD97AD81A68B52C006AC7AC /* Supporting Files */,
				5AD97AFA1A68B55F006AC7AC /* ASGTableViewController.swift */,
				5A2E1C5C1A68BFCE0093C7AE /* ASGNewTaskViewController.swift */,
			);
			path = CloudKitToDoList;
			sourceTree = "<group>";
		};
		5AD97AD81A68B52C006AC7AC /* Supporting Files */ = {
			isa = PBXGroup;
			children = (
				5AD97AD91A68B52C006AC7AC /* Info.plist */,
			);
			name = "Supporting Files";
			sourceTree = "<group>";
		};
		5AD97AED1A68B52C006AC7AC /* CloudKitToDoListTests */ = {
			isa = PBXGroup;
			children = (
				5AD97AF01A68B52C006AC7AC /* CloudKitToDoListTests.swift */,
				5AD97AEE1A68B52C006AC7AC /* Supporting Files */,
			);
			path = CloudKitToDoListTests;
			sourceTree = "<group>";
		};
		5AD97AEE1A68B52C006AC7AC /* Supporting Files */ = {
			isa = PBXGroup;
			children = (
				5AD97AEF1A68B52C006AC7AC /* Info.plist */,
			);
			name = "Supporting Files";
			sourceTree = "<group>";
		};
/* End PBXGroup section */

/* Begin PBXNativeTarget section */
		5AD97AD41A68B52C006AC7AC /* CloudKitToDoList */ = {
			isa = PBXNativeTarget;
			buildConfigurationList = 5AD97AF41A68B52C006AC7AC /* Build configuration list for PBXNativeTarget "CloudKitToDoList" */;
			buildPhases = (
				5AD97AD11A68B52C006AC7AC /* Sources */,
				5AD97AD21A68B52C006AC7AC /* Frameworks */,
				5AD97AD31A68B52C006AC7AC /* Resources */,
			);
			buildRules = (
			);
			dependencies = (
			);
			name = CloudKitToDoList;
			productName = CloudKitToDoList;
			productReference = 5AD97AD51A68B52C006AC7AC /* CloudKitToDoList.app */;
			productType = "com.apple.product-type.application";
		};
		5AD97AE91A68B52C006AC7AC /* CloudKitToDoListTests */ = {
			isa = PBXNativeTarget;
			buildConfigurationList = 5AD97AF71A68B52C006AC7AC /* Build configuration list for PBXNativeTarget "CloudKitToDoListTests" */;
			buildPhases = (
				5AD97AE61A68B52C006AC7AC /* Sources */,
				5AD97AE71A68B52C006AC7AC /* Frameworks */,
				5AD97AE81A68B52C006AC7AC /* Resources */,
			);
			buildRules = (
			);
			dependencies = (
				5AD97AEC1A68B52C006AC7AC /* PBXTargetDependency */,
			);
			name = CloudKitToDoListTests;
			productName = CloudKitToDoListTests;
			productReference = 5AD97AEA1A68B52C006AC7AC /* CloudKitToDoListTests.xctest */;
			productType = "com.apple.product-type.bundle.unit-test";
		};
/* End PBXNativeTarget section */

/* Begin PBXProject section */
		5AD97ACD1A68B52C006AC7AC /* Project object */ = {
			isa = PBXProject;
			attributes = {
				LastUpgradeCheck = 0620;
				ORGANIZATIONNAME = "Sleep Free";
				TargetAttributes = {
					5AD97AD41A68B52C006AC7AC = {
						CreatedOnToolsVersion = 6.2;
						DevelopmentTeam = KL6HWYHTQ5;
						SystemCapabilities = {
							com.apple.iCloud = {
								enabled = 1;
							};
						};
					};
					5AD97AE91A68B52C006AC7AC = {
						CreatedOnToolsVersion = 6.2;
						TestTargetID = 5AD97AD41A68B52C006AC7AC;
					};
				};
			};
			buildConfigurationList = 5AD97AD01A68B52C006AC7AC /* Build configuration list for PBXProject "CloudKitToDoList" */;
			compatibilityVersion = "Xcode 3.2";
			developmentRegion = English;
			hasScannedForEncodings = 0;
			knownRegions = (
				en,
				Base,
			);
			mainGroup = 5AD97ACC1A68B52C006AC7AC;
			productRefGroup = 5AD97AD61A68B52C006AC7AC /* Products */;
			projectDirPath = "";
			projectRoot = "";
			targets = (
				5AD97AD41A68B52C006AC7AC /* CloudKitToDoList */,
				5AD97AE91A68B52C006AC7AC /* CloudKitToDoListTests */,
			);
		};
/* End PBXProject section */

/* Begin PBXResourcesBuildPhase section */
		5AD97AD31A68B52C006AC7AC /* Resources */ = {
			isa = PBXResourcesBuildPhase;
			buildActionMask = 2147483647;
			files = (
				5AD97AE01A68B52C006AC7AC /* Main.storyboard in Resources */,
				5AD97AE51A68B52C006AC7AC /* LaunchScreen.xib in Resources */,
				5AD97AE21A68B52C006AC7AC /* Images.xcassets in Resources */,
			);
			runOnlyForDeploymentPostprocessing = 0;
		};
		5AD97AE81A68B52C006AC7AC /* Resources */ = {
			isa = PBXResourcesBuildPhase;
			buildActionMask = 2147483647;
			files = (
			);
			runOnlyForDeploymentPostprocessing = 0;
		};
/* End PBXResourcesBuildPhase section */

/* Begin PBXSourcesBuildPhase section */
		5AD97AD11A68B52C006AC7AC /* Sources */ = {
			isa = PBXSourcesBuildPhase;
			buildActionMask = 2147483647;
			files = (
				5A2E1C5D1A68BFCE0093C7AE /* ASGNewTaskViewController.swift in Sources */,
				5AD97AFB1A68B55F006AC7AC /* ASGTableViewController.swift in Sources */,
				5AD97ADB1A68B52C006AC7AC /* AppDelegate.swift in Sources */,
			);
			runOnlyForDeploymentPostprocessing = 0;
		};
		5AD97AE61A68B52C006AC7AC /* Sources */ = {
			isa = PBXSourcesBuildPhase;
			buildActionMask = 2147483647;
			files = (
				5AD97AF11A68B52C006AC7AC /* CloudKitToDoListTests.swift in Sources */,
			);
			runOnlyForDeploymentPostprocessing = 0;
		};
/* End PBXSourcesBuildPhase section */

/* Begin PBXTargetDependency section */
		5AD97AEC1A68B52C006AC7AC /* PBXTargetDependency */ = {
			isa = PBXTargetDependency;
			target = 5AD97AD41A68B52C006AC7AC /* CloudKitToDoList */;
			targetProxy = 5AD97AEB1A68B52C006AC7AC /* PBXContainerItemProxy */;
		};
/* End PBXTargetDependency section */

/* Begin PBXVariantGroup section */
		5AD97ADE1A68B52C006AC7AC /* Main.storyboard */ = {
			isa = PBXVariantGroup;
			children = (
				5AD97ADF1A68B52C006AC7AC /* Base */,
			);
			name = Main.storyboard;
			sourceTree = "<group>";
		};
		5AD97AE31A68B52C006AC7AC /* LaunchScreen.xib */ = {
			isa = PBXVariantGroup;
			children = (
				5AD97AE41A68B52C006AC7AC /* Base */,
			);
			name = LaunchScreen.xib;
			sourceTree = "<group>";
		};
/* End PBXVariantGroup section */

/* Begin XCBuildConfiguration section */
		5AD97AF21A68B52C006AC7AC /* Debug */ = {
			isa = XCBuildConfiguration;
			buildSettings = {
				ALWAYS_SEARCH_USER_PATHS = NO;
				CLANG_CXX_LANGUAGE_STANDARD = "gnu++0x";
				CLANG_CXX_LIBRARY = "libc++";
				CLANG_ENABLE_MODULES = YES;
				CLANG_ENABLE_OBJC_ARC = YES;
				CLANG_WARN_BOOL_CONVERSION = YES;
				CLANG_WARN_CONSTANT_CONVERSION = YES;
				CLANG_WARN_DIRECT_OBJC_ISA_USAGE = YES_ERROR;
				CLANG_WARN_EMPTY_BODY = YES;
				CLANG_WARN_ENUM_CONVERSION = YES;
				CLANG_WARN_INT_CONVERSION = YES;
				CLANG_WARN_OBJC_ROOT_CLASS = YES_ERROR;
				CLANG_WARN_UNREACHABLE_CODE = YES;
				CLANG_WARN__DUPLICATE_METHOD_MATCH = YES;
				"CODE_SIGN_IDENTITY[sdk=iphoneos*]" = "iPhone Developer";
				COPY_PHASE_STRIP = NO;
				ENABLE_STRICT_OBJC_MSGSEND = YES;
				GCC_C_LANGUAGE_STANDARD = gnu99;
				GCC_DYNAMIC_NO_PIC = NO;
				GCC_OPTIMIZATION_LEVEL = 0;
				GCC_PREPROCESSOR_DEFINITIONS = (
					"DEBUG=1",
					"$(inherited)",
				);
				GCC_SYMBOLS_PRIVATE_EXTERN = NO;
				GCC_WARN_64_TO_32_BIT_CONVERSION = YES;
				GCC_WARN_ABOUT_RETURN_TYPE = YES_ERROR;
				GCC_WARN_UNDECLARED_SELECTOR = YES;
				GCC_WARN_UNINITIALIZED_AUTOS = YES_AGGRESSIVE;
				GCC_WARN_UNUSED_FUNCTION = YES;
				GCC_WARN_UNUSED_VARIABLE = YES;
				IPHONEOS_DEPLOYMENT_TARGET = 8.2;
				MTL_ENABLE_DEBUG_INFO = YES;
				ONLY_ACTIVE_ARCH = YES;
				SDKROOT = iphoneos;
				SWIFT_OPTIMIZATION_LEVEL = "-Onone";
			};
			name = Debug;
		};
		5AD97AF31A68B52C006AC7AC /* Release */ = {
			isa = XCBuildConfiguration;
			buildSettings = {
				ALWAYS_SEARCH_USER_PATHS = NO;
				CLANG_CXX_LANGUAGE_STANDARD = "gnu++0x";
				CLANG_CXX_LIBRARY = "libc++";
				CLANG_ENABLE_MODULES = YES;
				CLANG_ENABLE_OBJC_ARC = YES;
				CLANG_WARN_BOOL_CONVERSION = YES;
				CLANG_WARN_CONSTANT_CONVERSION = YES;
				CLANG_WARN_DIRECT_OBJC_ISA_USAGE = YES_ERROR;
				CLANG_WARN_EMPTY_BODY = YES;
				CLANG_WARN_ENUM_CONVERSION = YES;
				CLANG_WARN_INT_CONVERSION = YES;
				CLANG_WARN_OBJC_ROOT_CLASS = YES_ERROR;
				CLANG_WARN_UNREACHABLE_CODE = YES;
				CLANG_WARN__DUPLICATE_METHOD_MATCH = YES;
				"CODE_SIGN_IDENTITY[sdk=iphoneos*]" = "iPhone Developer";
				COPY_PHASE_STRIP = YES;
				ENABLE_NS_ASSERTIONS = NO;
				ENABLE_STRICT_OBJC_MSGSEND = YES;
				GCC_C_LANGUAGE_STANDARD = gnu99;
				GCC_WARN_64_TO_32_BIT_CONVERSION = YES;
				GCC_WARN_ABOUT_RETURN_TYPE = YES_ERROR;
				GCC_WARN_UNDECLARED_SELECTOR = YES;
				GCC_WARN_UNINITIALIZED_AUTOS = YES_AGGRESSIVE;
				GCC_WARN_UNUSED_FUNCTION = YES;
				GCC_WARN_UNUSED_VARIABLE = YES;
				IPHONEOS_DEPLOYMENT_TARGET = 8.2;
				MTL_ENABLE_DEBUG_INFO = NO;
				SDKROOT = iphoneos;
				VALIDATE_PRODUCT = YES;
			};
			name = Release;
		};
		5AD97AF51A68B52C006AC7AC /* Debug */ = {
			isa = XCBuildConfiguration;
			buildSettings = {
				ASSETCATALOG_COMPILER_APPICON_NAME = AppIcon;
				CODE_SIGN_ENTITLEMENTS = CloudKitToDoList/CloudKitToDoList.entitlements;
				CODE_SIGN_IDENTITY = "iPhone Developer";
				"CODE_SIGN_IDENTITY[sdk=iphoneos*]" = "iPhone Developer";
				INFOPLIST_FILE = CloudKitToDoList/Info.plist;
				LD_RUNPATH_SEARCH_PATHS = "$(inherited) @executable_path/Frameworks";
				PRODUCT_NAME = "$(TARGET_NAME)";
				PROVISIONING_PROFILE = "";
			};
			name = Debug;
		};
		5AD97AF61A68B52C006AC7AC /* Release */ = {
			isa = XCBuildConfiguration;
			buildSettings = {
				ASSETCATALOG_COMPILER_APPICON_NAME = AppIcon;
				CODE_SIGN_ENTITLEMENTS = CloudKitToDoList/CloudKitToDoList.entitlements;
				CODE_SIGN_IDENTITY = "iPhone Developer";
				"CODE_SIGN_IDENTITY[sdk=iphoneos*]" = "iPhone Developer";
				INFOPLIST_FILE = CloudKitToDoList/Info.plist;
				LD_RUNPATH_SEARCH_PATHS = "$(inherited) @executable_path/Frameworks";
				PRODUCT_NAME = "$(TARGET_NAME)";
				PROVISIONING_PROFILE = "";
			};
			name = Release;
		};
		5AD97AF81A68B52C006AC7AC /* Debug */ = {
			isa = XCBuildConfiguration;
			buildSettings = {
				BUNDLE_LOADER = "$(TEST_HOST)";
				FRAMEWORK_SEARCH_PATHS = (
					"$(SDKROOT)/Developer/Library/Frameworks",
					"$(inherited)",
				);
				GCC_PREPROCESSOR_DEFINITIONS = (
					"DEBUG=1",
					"$(inherited)",
				);
				INFOPLIST_FILE = CloudKitToDoListTests/Info.plist;
				LD_RUNPATH_SEARCH_PATHS = "$(inherited) @executable_path/Frameworks @loader_path/Frameworks";
				PRODUCT_NAME = "$(TARGET_NAME)";
				TEST_HOST = "$(BUILT_PRODUCTS_DIR)/CloudKitToDoList.app/CloudKitToDoList";
			};
			name = Debug;
		};
		5AD97AF91A68B52C006AC7AC /* Release */ = {
			isa = XCBuildConfiguration;
			buildSettings = {
				BUNDLE_LOADER = "$(TEST_HOST)";
				FRAMEWORK_SEARCH_PATHS = (
					"$(SDKROOT)/Developer/Library/Frameworks",
					"$(inherited)",
				);
				INFOPLIST_FILE = CloudKitToDoListTests/Info.plist;
				LD_RUNPATH_SEARCH_PATHS = "$(inherited) @executable_path/Frameworks @loader_path/Frameworks";
				PRODUCT_NAME = "$(TARGET_NAME)";
				TEST_HOST = "$(BUILT_PRODUCTS_DIR)/CloudKitToDoList.app/CloudKitToDoList";
			};
			name = Release;
		};
/* End XCBuildConfiguration section */

/* Begin XCConfigurationList section */
		5AD97AD01A68B52C006AC7AC /* Build configuration list for PBXProject "CloudKitToDoList" */ = {
			isa = XCConfigurationList;
			buildConfigurations = (
				5AD97AF21A68B52C006AC7AC /* Debug */,
				5AD97AF31A68B52C006AC7AC /* Release */,
			);
			defaultConfigurationIsVisible = 0;
			defaultConfigurationName = Release;
		};
		5AD97AF41A68B52C006AC7AC /* Build configuration list for PBXNativeTarget "CloudKitToDoList" */ = {
			isa = XCConfigurationList;
			buildConfigurations = (
				5AD97AF51A68B52C006AC7AC /* Debug */,
				5AD97AF61A68B52C006AC7AC /* Release */,
			);
			defaultConfigurationIsVisible = 0;
			defaultConfigurationName = Release;
		};
		5AD97AF71A68B52C006AC7AC /* Build configuration list for PBXNativeTarget "CloudKitToDoListTests" */ = {
			isa = XCConfigurationList;
			buildConfigurations = (
				5AD97AF81A68B52C006AC7AC /* Debug */,
				5AD97AF91A68B52C006AC7AC /* Release */,
			);
			defaultConfigurationIsVisible = 0;
			defaultConfigurationName = Release;
		};
/* End XCConfigurationList section */
	};
	rootObject = 5AD97ACD1A68B52C006AC7AC /* Project object */;
}
