// !$*UTF8*$!
{
	archiveVersion = 1;
	classes = {
	};
	objectVersion = 46;
	objects = {

/* Begin PBXBuildFile section */
		182A8DB419410CBE001EE048 /* CloudKit.framework in Frameworks */ = {isa = PBXBuildFile; fileRef = 182A8DB319410CBE001EE048 /* CloudKit.framework */; };
		9245BECA193FEF11006664EA /* AppDelegate.swift in Sources */ = {isa = PBXBuildFile; fileRef = 9245BEC9193FEF11006664EA /* AppDelegate.swift */; };
		9245BECC193FEF11006664EA /* ViewController.swift in Sources */ = {isa = PBXBuildFile; fileRef = 9245BECB193FEF11006664EA /* ViewController.swift */; };
		9245BECF193FEF11006664EA /* Main.storyboard in Resources */ = {isa = PBXBuildFile; fileRef = 9245BECD193FEF11006664EA /* Main.storyboard */; };
		9245BED1193FEF11006664EA /* Images.xcassets in Resources */ = {isa = PBXBuildFile; fileRef = 9245BED0193FEF11006664EA /* Images.xcassets */; };
		9245BEDD193FEF12006664EA /* ToDoCloudKitTests.swift in Sources */ = {isa = PBXBuildFile; fileRef = 9245BEDC193FEF12006664EA /* ToDoCloudKitTests.swift */; };
		9245BEEC193FEF8B006664EA /* ASGTableViewController.swift in Sources */ = {isa = PBXBuildFile; fileRef = 9245BEEA193FEF8B006664EA /* ASGTableViewController.swift */; };
		9245BEED193FEF8B006664EA /* ASGTableViewController.xib in Resources */ = {isa = PBXBuildFile; fileRef = 9245BEEB193FEF8B006664EA /* ASGTableViewController.xib */; };
		9245BEF2193FEFAE006664EA /* ASGNewTaskViewController.swift in Sources */ = {isa = PBXBuildFile; fileRef = 9245BEF0193FEFAE006664EA /* ASGNewTaskViewController.swift */; };
		9245BEF3193FEFAE006664EA /* ASGNewTaskViewController.xib in Resources */ = {isa = PBXBuildFile; fileRef = 9245BEF1193FEFAE006664EA /* ASGNewTaskViewController.xib */; };
/* End PBXBuildFile section */

/* Begin PBXContainerItemProxy section */
		9245BED7193FEF12006664EA /* PBXContainerItemProxy */ = {
			isa = PBXContainerItemProxy;
			containerPortal = 9245BEBC193FEF11006664EA /* Project object */;
			proxyType = 1;
			remoteGlobalIDString = 9245BEC3193FEF11006664EA;
			remoteInfo = ToDoCloudKit;
		};
/* End PBXContainerItemProxy section */

/* Begin PBXFileReference section */
		182A8DB319410CBE001EE048 /* CloudKit.framework */ = {isa = PBXFileReference; lastKnownFileType = wrapper.framework; name = CloudKit.framework; path = System/Library/Frameworks/CloudKit.framework; sourceTree = SDKROOT; };
		9245BEC4193FEF11006664EA /* ToDoCloudKit.app */ = {isa = PBXFileReference; explicitFileType = wrapper.application; includeInIndex = 0; path = ToDoCloudKit.app; sourceTree = BUILT_PRODUCTS_DIR; };
		9245BEC8193FEF11006664EA /* Info.plist */ = {isa = PBXFileReference; lastKnownFileType = text.plist.xml; path = Info.plist; sourceTree = "<group>"; };
		9245BEC9193FEF11006664EA /* AppDelegate.swift */ = {isa = PBXFileReference; lastKnownFileType = sourcecode.swift; path = AppDelegate.swift; sourceTree = "<group>"; };
		9245BECB193FEF11006664EA /* ViewController.swift */ = {isa = PBXFileReference; lastKnownFileType = sourcecode.swift; path = ViewController.swift; sourceTree = "<group>"; };
		9245BECE193FEF11006664EA /* Base */ = {isa = PBXFileReference; lastKnownFileType = file.storyboard; name = Base; path = Base.lproj/Main.storyboard; sourceTree = "<group>"; };
		9245BED0193FEF11006664EA /* Images.xcassets */ = {isa = PBXFileReference; lastKnownFileType = folder.assetcatalog; path = Images.xcassets; sourceTree = "<group>"; };
		9245BED6193FEF12006664EA /* ToDoCloudKitTests.xctest */ = {isa = PBXFileReference; explicitFileType = wrapper.cfbundle; includeInIndex = 0; path = ToDoCloudKitTests.xctest; sourceTree = BUILT_PRODUCTS_DIR; };
		9245BEDB193FEF12006664EA /* Info.plist */ = {isa = PBXFileReference; lastKnownFileType = text.plist.xml; path = Info.plist; sourceTree = "<group>"; };
		9245BEDC193FEF12006664EA /* ToDoCloudKitTests.swift */ = {isa = PBXFileReference; lastKnownFileType = sourcecode.swift; path = ToDoCloudKitTests.swift; sourceTree = "<group>"; };
		9245BEE6193FEF1E006664EA /* ToDoCloudKit.entitlements */ = {isa = PBXFileReference; lastKnownFileType = text.xml; path = ToDoCloudKit.entitlements; sourceTree = "<group>"; };
		9245BEEA193FEF8B006664EA /* ASGTableViewController.swift */ = {isa = PBXFileReference; fileEncoding = 4; lastKnownFileType = sourcecode.swift; path = ASGTableViewController.swift; sourceTree = "<group>"; };
		9245BEEB193FEF8B006664EA /* ASGTableViewController.xib */ = {isa = PBXFileReference; fileEncoding = 4; lastKnownFileType = file.xib; path = ASGTableViewController.xib; sourceTree = "<group>"; };
		9245BEF0193FEFAE006664EA /* ASGNewTaskViewController.swift */ = {isa = PBXFileReference; fileEncoding = 4; lastKnownFileType = sourcecode.swift; path = ASGNewTaskViewController.swift; sourceTree = "<group>"; };
		9245BEF1193FEFAE006664EA /* ASGNewTaskViewController.xib */ = {isa = PBXFileReference; fileEncoding = 4; lastKnownFileType = file.xib; path = ASGNewTaskViewController.xib; sourceTree = "<group>"; };
/* End PBXFileReference section */

/* Begin PBXFrameworksBuildPhase section */
		9245BEC1193FEF11006664EA /* Frameworks */ = {
			isa = PBXFrameworksBuildPhase;
			buildActionMask = 2147483647;
			files = (
				182A8DB419410CBE001EE048 /* CloudKit.framework in Frameworks */,
			);
			runOnlyForDeploymentPostprocessing = 0;
		};
		9245BED3193FEF12006664EA /* Frameworks */ = {
			isa = PBXFrameworksBuildPhase;
			buildActionMask = 2147483647;
			files = (
			);
			runOnlyForDeploymentPostprocessing = 0;
		};
/* End PBXFrameworksBuildPhase section */

/* Begin PBXGroup section */
		9245BEBB193FEF11006664EA = {
			isa = PBXGroup;
			children = (
				182A8DB319410CBE001EE048 /* CloudKit.framework */,
				9245BEC6193FEF11006664EA /* ToDoCloudKit */,
				9245BED9193FEF12006664EA /* ToDoCloudKitTests */,
				9245BEC5193FEF11006664EA /* Products */,
			);
			sourceTree = "<group>";
		};
		9245BEC5193FEF11006664EA /* Products */ = {
			isa = PBXGroup;
			children = (
				9245BEC4193FEF11006664EA /* ToDoCloudKit.app */,
				9245BED6193FEF12006664EA /* ToDoCloudKitTests.xctest */,
			);
			name = Products;
			sourceTree = "<group>";
		};
		9245BEC6193FEF11006664EA /* ToDoCloudKit */ = {
			isa = PBXGroup;
			children = (
				9245BEE6193FEF1E006664EA /* ToDoCloudKit.entitlements */,
				9245BEC9193FEF11006664EA /* AppDelegate.swift */,
				9245BECB193FEF11006664EA /* ViewController.swift */,
				9245BECD193FEF11006664EA /* Main.storyboard */,
				9245BED0193FEF11006664EA /* Images.xcassets */,
				9245BEC7193FEF11006664EA /* Supporting Files */,
				9245BEEA193FEF8B006664EA /* ASGTableViewController.swift */,
				9245BEEB193FEF8B006664EA /* ASGTableViewController.xib */,
				9245BEF0193FEFAE006664EA /* ASGNewTaskViewController.swift */,
				9245BEF1193FEFAE006664EA /* ASGNewTaskViewController.xib */,
			);
			path = ToDoCloudKit;
			sourceTree = "<group>";
		};
		9245BEC7193FEF11006664EA /* Supporting Files */ = {
			isa = PBXGroup;
			children = (
				9245BEC8193FEF11006664EA /* Info.plist */,
			);
			name = "Supporting Files";
			sourceTree = "<group>";
		};
		9245BED9193FEF12006664EA /* ToDoCloudKitTests */ = {
			isa = PBXGroup;
			children = (
				9245BEDC193FEF12006664EA /* ToDoCloudKitTests.swift */,
				9245BEDA193FEF12006664EA /* Supporting Files */,
			);
			path = ToDoCloudKitTests;
			sourceTree = "<group>";
		};
		9245BEDA193FEF12006664EA /* Supporting Files */ = {
			isa = PBXGroup;
			children = (
				9245BEDB193FEF12006664EA /* Info.plist */,
			);
			name = "Supporting Files";
			sourceTree = "<group>";
		};
/* End PBXGroup section */

/* Begin PBXNativeTarget section */
		9245BEC3193FEF11006664EA /* ToDoCloudKit */ = {
			isa = PBXNativeTarget;
			buildConfigurationList = 9245BEE0193FEF12006664EA /* Build configuration list for PBXNativeTarget "ToDoCloudKit" */;
			buildPhases = (
				9245BEC0193FEF11006664EA /* Sources */,
				9245BEC1193FEF11006664EA /* Frameworks */,
				9245BEC2193FEF11006664EA /* Resources */,
			);
			buildRules = (
			);
			dependencies = (
			);
			name = ToDoCloudKit;
			productName = ToDoCloudKit;
			productReference = 9245BEC4193FEF11006664EA /* ToDoCloudKit.app */;
			productType = "com.apple.product-type.application";
		};
		9245BED5193FEF12006664EA /* ToDoCloudKitTests */ = {
			isa = PBXNativeTarget;
			buildConfigurationList = 9245BEE3193FEF12006664EA /* Build configuration list for PBXNativeTarget "ToDoCloudKitTests" */;
			buildPhases = (
				9245BED2193FEF12006664EA /* Sources */,
				9245BED3193FEF12006664EA /* Frameworks */,
				9245BED4193FEF12006664EA /* Resources */,
			);
			buildRules = (
			);
			dependencies = (
				9245BED8193FEF12006664EA /* PBXTargetDependency */,
			);
			name = ToDoCloudKitTests;
			productName = ToDoCloudKitTests;
			productReference = 9245BED6193FEF12006664EA /* ToDoCloudKitTests.xctest */;
			productType = "com.apple.product-type.bundle.unit-test";
		};
/* End PBXNativeTarget section */

/* Begin PBXProject section */
		9245BEBC193FEF11006664EA /* Project object */ = {
			isa = PBXProject;
			attributes = {
				LastUpgradeCheck = 0600;
				ORGANIZATIONNAME = "Anthony Geranio";
				TargetAttributes = {
					9245BEC3193FEF11006664EA = {
						CreatedOnToolsVersion = 6.0;
						DevelopmentTeam = 4S63QBNHHN;
						SystemCapabilities = {
							com.apple.iCloud = {
								enabled = 1;
							};
						};
					};
					9245BED5193FEF12006664EA = {
						CreatedOnToolsVersion = 6.0;
						TestTargetID = 9245BEC3193FEF11006664EA;
					};
				};
			};
			buildConfigurationList = 9245BEBF193FEF11006664EA /* Build configuration list for PBXProject "ToDoCloudKit" */;
			compatibilityVersion = "Xcode 3.2";
			developmentRegion = English;
			hasScannedForEncodings = 0;
			knownRegions = (
				en,
				Base,
			);
			mainGroup = 9245BEBB193FEF11006664EA;
			productRefGroup = 9245BEC5193FEF11006664EA /* Products */;
			projectDirPath = "";
			projectRoot = "";
			targets = (
				9245BEC3193FEF11006664EA /* ToDoCloudKit */,
				9245BED5193FEF12006664EA /* ToDoCloudKitTests */,
			);
		};
/* End PBXProject section */

/* Begin PBXResourcesBuildPhase section */
		9245BEC2193FEF11006664EA /* Resources */ = {
			isa = PBXResourcesBuildPhase;
			buildActionMask = 2147483647;
			files = (
				9245BEF3193FEFAE006664EA /* ASGNewTaskViewController.xib in Resources */,
				9245BECF193FEF11006664EA /* Main.storyboard in Resources */,
				9245BEED193FEF8B006664EA /* ASGTableViewController.xib in Resources */,
				9245BED1193FEF11006664EA /* Images.xcassets in Resources */,
			);
			runOnlyForDeploymentPostprocessing = 0;
		};
		9245BED4193FEF12006664EA /* Resources */ = {
			isa = PBXResourcesBuildPhase;
			buildActionMask = 2147483647;
			files = (
			);
			runOnlyForDeploymentPostprocessing = 0;
		};
/* End PBXResourcesBuildPhase section */

/* Begin PBXSourcesBuildPhase section */
		9245BEC0193FEF11006664EA /* Sources */ = {
			isa = PBXSourcesBuildPhase;
			buildActionMask = 2147483647;
			files = (
				9245BECC193FEF11006664EA /* ViewController.swift in Sources */,
				9245BEF2193FEFAE006664EA /* ASGNewTaskViewController.swift in Sources */,
				9245BEEC193FEF8B006664EA /* ASGTableViewController.swift in Sources */,
				9245BECA193FEF11006664EA /* AppDelegate.swift in Sources */,
			);
			runOnlyForDeploymentPostprocessing = 0;
		};
		9245BED2193FEF12006664EA /* Sources */ = {
			isa = PBXSourcesBuildPhase;
			buildActionMask = 2147483647;
			files = (
				9245BEDD193FEF12006664EA /* ToDoCloudKitTests.swift in Sources */,
			);
			runOnlyForDeploymentPostprocessing = 0;
		};
/* End PBXSourcesBuildPhase section */

/* Begin PBXTargetDependency section */
		9245BED8193FEF12006664EA /* PBXTargetDependency */ = {
			isa = PBXTargetDependency;
			target = 9245BEC3193FEF11006664EA /* ToDoCloudKit */;
			targetProxy = 9245BED7193FEF12006664EA /* PBXContainerItemProxy */;
		};
/* End PBXTargetDependency section */

/* Begin PBXVariantGroup section */
		9245BECD193FEF11006664EA /* Main.storyboard */ = {
			isa = PBXVariantGroup;
			children = (
				9245BECE193FEF11006664EA /* Base */,
			);
			name = Main.storyboard;
			sourceTree = "<group>";
		};
/* End PBXVariantGroup section */

/* Begin XCBuildConfiguration section */
		9245BEDE193FEF12006664EA /* Debug */ = {
			isa = XCBuildConfiguration;
			buildSettings = {
				ALWAYS_SEARCH_USER_PATHS = NO;
				CLANG_CXX_LANGUAGE_STANDARD = "gnu++0x";
				CLANG_CXX_LIBRARY = "libc++";
				CLANG_ENABLE_MODULES = YES;
				CLANG_ENABLE_OBJC_ARC = YES;
				CLANG_WARN_BOOL_CONVERSION = YES;
				CLANG_WARN_CONSTANT_CONVERSION = YES;
				CLANG_WARN_DIRECT_OBJC_ISA_USAGE = YES_ERROR;
				CLANG_WARN_EMPTY_BODY = YES;
				CLANG_WARN_ENUM_CONVERSION = YES;
				CLANG_WARN_INT_CONVERSION = YES;
				CLANG_WARN_OBJC_ROOT_CLASS = YES_ERROR;
				CLANG_WARN_UNREACHABLE_CODE = YES;
				CLANG_WARN__DUPLICATE_METHOD_MATCH = YES;
				"CODE_SIGN_IDENTITY[sdk=iphoneos*]" = "iPhone Developer";
				COPY_PHASE_STRIP = NO;
				ENABLE_STRICT_OBJC_MSGSEND = YES;
				GCC_C_LANGUAGE_STANDARD = gnu99;
				GCC_DYNAMIC_NO_PIC = NO;
				GCC_OPTIMIZATION_LEVEL = 0;
				GCC_PREPROCESSOR_DEFINITIONS = (
					"DEBUG=1",
					"$(inherited)",
				);
				GCC_SYMBOLS_PRIVATE_EXTERN = NO;
				GCC_WARN_64_TO_32_BIT_CONVERSION = YES;
				GCC_WARN_ABOUT_RETURN_TYPE = YES_ERROR;
				GCC_WARN_UNDECLARED_SELECTOR = YES;
				GCC_WARN_UNINITIALIZED_AUTOS = YES_AGGRESSIVE;
				GCC_WARN_UNUSED_FUNCTION = YES;
				GCC_WARN_UNUSED_VARIABLE = YES;
				IPHONEOS_DEPLOYMENT_TARGET = 8.0;
				METAL_ENABLE_DEBUG_INFO = YES;
				ONLY_ACTIVE_ARCH = YES;
				SDKROOT = iphoneos;
				SWIFT_OPTIMIZATION_LEVEL = "-Onone";
			};
			name = Debug;
		};
		9245BEDF193FEF12006664EA /* Release */ = {
			isa = XCBuildConfiguration;
			buildSettings = {
				ALWAYS_SEARCH_USER_PATHS = NO;
				CLANG_CXX_LANGUAGE_STANDARD = "gnu++0x";
				CLANG_CXX_LIBRARY = "libc++";
				CLANG_ENABLE_MODULES = YES;
				CLANG_ENABLE_OBJC_ARC = YES;
				CLANG_WARN_BOOL_CONVERSION = YES;
				CLANG_WARN_CONSTANT_CONVERSION = YES;
				CLANG_WARN_DIRECT_OBJC_ISA_USAGE = YES_ERROR;
				CLANG_WARN_EMPTY_BODY = YES;
				CLANG_WARN_ENUM_CONVERSION = YES;
				CLANG_WARN_INT_CONVERSION = YES;
				CLANG_WARN_OBJC_ROOT_CLASS = YES_ERROR;
				CLANG_WARN_UNREACHABLE_CODE = YES;
				CLANG_WARN__DUPLICATE_METHOD_MATCH = YES;
				"CODE_SIGN_IDENTITY[sdk=iphoneos*]" = "iPhone Developer";
				COPY_PHASE_STRIP = YES;
				ENABLE_NS_ASSERTIONS = NO;
				ENABLE_STRICT_OBJC_MSGSEND = YES;
				GCC_C_LANGUAGE_STANDARD = gnu99;
				GCC_WARN_64_TO_32_BIT_CONVERSION = YES;
				GCC_WARN_ABOUT_RETURN_TYPE = YES_ERROR;
				GCC_WARN_UNDECLARED_SELECTOR = YES;
				GCC_WARN_UNINITIALIZED_AUTOS = YES_AGGRESSIVE;
				GCC_WARN_UNUSED_FUNCTION = YES;
				GCC_WARN_UNUSED_VARIABLE = YES;
				IPHONEOS_DEPLOYMENT_TARGET = 8.0;
				METAL_ENABLE_DEBUG_INFO = NO;
				SDKROOT = iphoneos;
				VALIDATE_PRODUCT = YES;
			};
			name = Release;
		};
		9245BEE1193FEF12006664EA /* Debug */ = {
			isa = XCBuildConfiguration;
			buildSettings = {
				ASSETCATALOG_COMPILER_APPICON_NAME = AppIcon;
				ASSETCATALOG_COMPILER_LAUNCHIMAGE_NAME = LaunchImage;
				CODE_SIGN_ENTITLEMENTS = ToDoCloudKit/ToDoCloudKit.entitlements;
				CODE_SIGN_IDENTITY = "iPhone Developer";
				"CODE_SIGN_IDENTITY[sdk=iphoneos*]" = "iPhone Developer";
				INFOPLIST_FILE = ToDoCloudKit/Info.plist;
				LD_RUNPATH_SEARCH_PATHS = "$(inherited) @executable_path/Frameworks";
				PRODUCT_NAME = "$(TARGET_NAME)";
				PROVISIONING_PROFILE = "";
			};
			name = Debug;
		};
		9245BEE2193FEF12006664EA /* Release */ = {
			isa = XCBuildConfiguration;
			buildSettings = {
				ASSETCATALOG_COMPILER_APPICON_NAME = AppIcon;
				ASSETCATALOG_COMPILER_LAUNCHIMAGE_NAME = LaunchImage;
				CODE_SIGN_ENTITLEMENTS = ToDoCloudKit/ToDoCloudKit.entitlements;
				CODE_SIGN_IDENTITY = "iPhone Developer";
				"CODE_SIGN_IDENTITY[sdk=iphoneos*]" = "iPhone Developer";
				INFOPLIST_FILE = ToDoCloudKit/Info.plist;
				LD_RUNPATH_SEARCH_PATHS = "$(inherited) @executable_path/Frameworks";
				PRODUCT_NAME = "$(TARGET_NAME)";
				PROVISIONING_PROFILE = "";
			};
			name = Release;
		};
		9245BEE4193FEF12006664EA /* Debug */ = {
			isa = XCBuildConfiguration;
			buildSettings = {
				BUNDLE_LOADER = "$(BUILT_PRODUCTS_DIR)/ToDoCloudKit.app/ToDoCloudKit";
				FRAMEWORK_SEARCH_PATHS = (
					"$(SDKROOT)/Developer/Library/Frameworks",
					"$(inherited)",
				);
				GCC_PREPROCESSOR_DEFINITIONS = (
					"DEBUG=1",
					"$(inherited)",
				);
				INFOPLIST_FILE = ToDoCloudKitTests/Info.plist;
				LD_RUNPATH_SEARCH_PATHS = "$(inherited) @executable_path/Frameworks @loader_path/Frameworks";
				METAL_ENABLE_DEBUG_INFO = YES;
				PRODUCT_NAME = "$(TARGET_NAME)";
				TEST_HOST = "$(BUNDLE_LOADER)";
			};
			name = Debug;
		};
		9245BEE5193FEF12006664EA /* Release */ = {
			isa = XCBuildConfiguration;
			buildSettings = {
				BUNDLE_LOADER = "$(BUILT_PRODUCTS_DIR)/ToDoCloudKit.app/ToDoCloudKit";
				FRAMEWORK_SEARCH_PATHS = (
					"$(SDKROOT)/Developer/Library/Frameworks",
					"$(inherited)",
				);
				INFOPLIST_FILE = ToDoCloudKitTests/Info.plist;
				LD_RUNPATH_SEARCH_PATHS = "$(inherited) @executable_path/Frameworks @loader_path/Frameworks";
				METAL_ENABLE_DEBUG_INFO = NO;
				PRODUCT_NAME = "$(TARGET_NAME)";
				TEST_HOST = "$(BUNDLE_LOADER)";
			};
			name = Release;
		};
/* End XCBuildConfiguration section */

/* Begin XCConfigurationList section */
		9245BEBF193FEF11006664EA /* Build configuration list for PBXProject "ToDoCloudKit" */ = {
			isa = XCConfigurationList;
			buildConfigurations = (
				9245BEDE193FEF12006664EA /* Debug */,
				9245BEDF193FEF12006664EA /* Release */,
			);
			defaultConfigurationIsVisible = 0;
			defaultConfigurationName = Release;
		};
		9245BEE0193FEF12006664EA /* Build configuration list for PBXNativeTarget "ToDoCloudKit" */ = {
			isa = XCConfigurationList;
			buildConfigurations = (
				9245BEE1193FEF12006664EA /* Debug */,
				9245BEE2193FEF12006664EA /* Release */,
			);
			defaultConfigurationIsVisible = 0;
			defaultConfigurationName = Release;
		};
		9245BEE3193FEF12006664EA /* Build configuration list for PBXNativeTarget "ToDoCloudKitTests" */ = {
			isa = XCConfigurationList;
			buildConfigurations = (
				9245BEE4193FEF12006664EA /* Debug */,
				9245BEE5193FEF12006664EA /* Release */,
			);
			defaultConfigurationIsVisible = 0;
			defaultConfigurationName = Release;
		};
/* End XCConfigurationList section */
	};
	rootObject = 9245BEBC193FEF11006664EA /* Project object */;
}
